{
  "name": "GreenTriangle_challenge",
  "version": "1.0.0",
  "lockfileVersion": 1,
  "requires": true,
  "dependencies": {
    "jsts": {
      "version": "2.9.3",
      "resolved": "https://registry.npmjs.org/jsts/-/jsts-2.9.3.tgz",
      "integrity": "sha512-o6XGpLzJtMkZTgT1rxM+7qXHBsGYG0L8mrUxbk/fouVjSWIe3m1FTVgk76iPMfYvmZrEHvsf+ZBDuWFAYj/pmA=="
    }
  }
}
